
Microsoft Visual Studio Solution File, Format Version 12.00
# Visual Studio Version 16
VisualStudioVersion = 16.0.29613.14
MinimumVisualStudioVersion = 10.0.40219.1
Project("{2150E333-8FDC-42A3-9474-1A3956D46DE8}") = "Sample", "Sample", "{EA52747E-19EC-48F9-B51F-D569DC3F116F}"
EndProject
Project("{9A19103F-16F7-4668-BE54-9A1E7A4F7556}") = "Kmd.Logic.DocumentService.Client.Sample", "sample\Kmd.Logic.DocumentService.Client.Sample\Kmd.Logic.DocumentService.Client.Sample.csproj", "{62A43B34-9F1D-42A2-B703-8127B6A503C7}"
EndProject
Project("{2150E333-8FDC-42A3-9474-1A3956D46DE8}") = "Solution", "Solution", "{59B0FA9B-A297-459C-881B-EA1441FE8827}"
	ProjectSection(SolutionItems) = preProject
		.github\workflows\.github-ci.yml = .github\workflows\.github-ci.yml
		build.ps1 = build.ps1
		build.sh = build.sh
		Directory.Build.props = Directory.Build.props
		global.json = global.json
		kmd-logic-icon.png = kmd-logic-icon.png
		LICENSE.md = LICENSE.md
		README.md = README.md
		setup.ps1 = setup.ps1
		setup.sh = setup.sh
	EndProjectSection
EndProject
Project("{2150E333-8FDC-42A3-9474-1A3956D46DE8}") = "src", "src", "{330A2D36-7F35-46A7-89CD-D5AC33264362}"
EndProject
Project("{9A19103F-16F7-4668-BE54-9A1E7A4F7556}") = "Kmd.Logic.DocumentService.Client", "src\Kmd.Logic.DocumentService.Client\Kmd.Logic.DocumentService.Client.csproj", "{84F3F540-30C7-4DC4-A597-7451E98C3512}"
EndProject
Global
	GlobalSection(SolutionConfigurationPlatforms) = preSolution
		Debug|Any CPU = Debug|Any CPU
		Release|Any CPU = Release|Any CPU
	EndGlobalSection
	GlobalSection(ProjectConfigurationPlatforms) = postSolution
		{62A43B34-9F1D-42A2-B703-8127B6A503C7}.Debug|Any CPU.ActiveCfg = Debug|Any CPU
		{62A43B34-9F1D-42A2-B703-8127B6A503C7}.Debug|Any CPU.Build.0 = Debug|Any CPU
		{62A43B34-9F1D-42A2-B703-8127B6A503C7}.Release|Any CPU.ActiveCfg = Release|Any CPU
		{62A43B34-9F1D-42A2-B703-8127B6A503C7}.Release|Any CPU.Build.0 = Release|Any CPU
		{84F3F540-30C7-4DC4-A597-7451E98C3512}.Debug|Any CPU.ActiveCfg = Debug|Any CPU
		{84F3F540-30C7-4DC4-A597-7451E98C3512}.Debug|Any CPU.Build.0 = Debug|Any CPU
		{84F3F540-30C7-4DC4-A597-7451E98C3512}.Release|Any CPU.ActiveCfg = Release|Any CPU
		{84F3F540-30C7-4DC4-A597-7451E98C3512}.Release|Any CPU.Build.0 = Release|Any CPU
	EndGlobalSection
	GlobalSection(SolutionProperties) = preSolution
		HideSolutionNode = FALSE
	EndGlobalSection
	GlobalSection(NestedProjects) = preSolution
		{62A43B34-9F1D-42A2-B703-8127B6A503C7} = {EA52747E-19EC-48F9-B51F-D569DC3F116F}
		{84F3F540-30C7-4DC4-A597-7451E98C3512} = {330A2D36-7F35-46A7-89CD-D5AC33264362}
	EndGlobalSection
	GlobalSection(ExtensibilityGlobals) = postSolution
		SolutionGuid = {D0B96EEF-A9F1-4457-9ADF-43249514E604}
	EndGlobalSection
EndGlobal
